PODS:
  - assets_audio_player (0.0.1):
    - FlutterMacOS
  - assets_audio_player_web (0.0.1):
    - FlutterMacOS
  - device_info_plus (0.0.1):
    - FlutterMacOS
  - FlutterMacOS (1.0.0)
  - path_provider_foundation (0.0.1):
    - Flutter
    - FlutterMacOS
  - shared_preferences_foundation (0.0.1):
    - Flutter
    - FlutterMacOS

DEPENDENCIES:
  - assets_audio_player (from `Flutter/ephemeral/.symlinks/plugins/assets_audio_player/macos`)
  - assets_audio_player_web (from `Flutter/ephemeral/.symlinks/plugins/assets_audio_player_web/macos`)
  - device_info_plus (from `Flutter/ephemeral/.symlinks/plugins/device_info_plus/macos`)
  - FlutterMacOS (from `Flutter/ephemeral`)
  - path_provider_foundation (from `Flutter/ephemeral/.symlinks/plugins/path_provider_foundation/darwin`)
  - shared_preferences_foundation (from `Flutter/ephemeral/.symlinks/plugins/shared_preferences_foundation/darwin`)

EXTERNAL SOURCES:
  assets_audio_player:
    :path: Flutter/ephemeral/.symlinks/plugins/assets_audio_player/macos
  assets_audio_player_web:
    :path: Flutter/ephemeral/.symlinks/plugins/assets_audio_player_web/macos
  device_info_plus:
    :path: Flutter/ephemeral/.symlinks/plugins/device_info_plus/macos
  FlutterMacOS:
    :path: Flutter/ephemeral
  path_provider_foundation:
    :path: Flutter/ephemeral/.symlinks/plugins/path_provider_foundation/darwin
  shared_preferences_foundation:
    :path: Flutter/ephemeral/.symlinks/plugins/shared_preferences_foundation/darwin

SPEC CHECKSUMS:
  assets_audio_player: be2578e6f11dd4d183412e97143673c3c4cb2e8a
  assets_audio_player_web: 917101123b6db8f73156835c0fa266c11340ff15
  device_info_plus: ce1b7762849d3ec103d0e0517299f2db7ad60720
  FlutterMacOS: 8f6f14fa908a6fb3fba0cd85dbd81ec4b251fb24
  path_provider_foundation: 2b6b4c569c0fb62ec74538f866245ac84301af46
  shared_preferences_foundation: fcdcbc04712aee1108ac7fda236f363274528f78

PODFILE CHECKSUM: 236401fc2c932af29a9fcf0e97baeeb2d750d367

COCOAPODS: 1.15.2
